
Microsoft Visual Studio Solution File, Format Version 12.00
# Visual Studio Version 16
VisualStudioVersion = 16.0.32126.311
MinimumVisualStudioVersion = 10.0.40219.1
Project("{9A19103F-16F7-4668-BE54-9A1E7A4F7556}") = "azure-serverless", "azure-serverless\azure-serverless.csproj", "{43BA4836-22B7-4202-B1A9-F8AD8E72AF3F}"
EndProject
Global
	GlobalSection(SolutionConfigurationPlatforms) = preSolution
		Debug|Any CPU = Debug|Any CPU
		Release|Any CPU = Release|Any CPU
	EndGlobalSection
	GlobalSection(ProjectConfigurationPlatforms) = postSolution
		{43BA4836-22B7-4202-B1A9-F8AD8E72AF3F}.Debug|Any CPU.ActiveCfg = Debug|Any CPU
		{43BA4836-22B7-4202-B1A9-F8AD8E72AF3F}.Debug|Any CPU.Build.0 = Debug|Any CPU
		{43BA4836-22B7-4202-B1A9-F8AD8E72AF3F}.Release|Any CPU.ActiveCfg = Release|Any CPU
		{43BA4836-22B7-4202-B1A9-F8AD8E72AF3F}.Release|Any CPU.Build.0 = Release|Any CPU
	EndGlobalSection
	GlobalSection(SolutionProperties) = preSolution
		HideSolutionNode = FALSE
	EndGlobalSection
	GlobalSection(ExtensibilityGlobals) = postSolution
		SolutionGuid = {C6C8E4DE-BACF-48BB-B019-D582BCC0DA72}
	EndGlobalSection
EndGlobal
